
Microsoft Visual Studio Solution File, Format Version 12.00
# Visual Studio Version 16
VisualStudioVersion = 16.0.29503.13
MinimumVisualStudioVersion = 10.0.40219.1
Project("{9A19103F-16F7-4668-BE54-9A1E7A4F7556}") = "HangFireBackgroundTasksTest", "HangFireBackgroundTasksTest\HangFireBackgroundTasksTest.csproj", "{F24113F0-F3E6-44F4-B179-0D89BFD57D23}"
EndProject
Global
	GlobalSection(SolutionConfigurationPlatforms) = preSolution
		Debug|Any CPU = Debug|Any CPU
		Release|Any CPU = Release|Any CPU
	EndGlobalSection
	GlobalSection(ProjectConfigurationPlatforms) = postSolution
		{F24113F0-F3E6-44F4-B179-0D89BFD57D23}.Debug|Any CPU.ActiveCfg = Debug|Any CPU
		{F24113F0-F3E6-44F4-B179-0D89BFD57D23}.Debug|Any CPU.Build.0 = Debug|Any CPU
		{F24113F0-F3E6-44F4-B179-0D89BFD57D23}.Release|Any CPU.ActiveCfg = Release|Any CPU
		{F24113F0-F3E6-44F4-B179-0D89BFD57D23}.Release|Any CPU.Build.0 = Release|Any CPU
	EndGlobalSection
	GlobalSection(SolutionProperties) = preSolution
		HideSolutionNode = FALSE
	EndGlobalSection
	GlobalSection(ExtensibilityGlobals) = postSolution
		SolutionGuid = {196BE081-243A-4FC5-9763-E05F1CF3AEA3}
	EndGlobalSection
EndGlobal
